// !$*UTF8*$!
{
	archiveVersion = 1;
	classes = {
	};
	objectVersion = 51;
	objects = {

/* Begin PBXBuildFile section */
		CBEC76FE1051CDC8177294A1 /* Pods_animationApp.framework in Frameworks */ = {isa = PBXBuildFile; fileRef = 0A497C488A9C2AE3285147A2 /* Pods_animationApp.framework */; };
		FA1BD9AE2498B2A600D10196 /* AnimationModel.swift in Sources */ = {isa = PBXBuildFile; fileRef = FA1BD9AD2498B2A600D10196 /* AnimationModel.swift */; };
		FA3F0F57249901690011E09E /* Extentions.swift in Sources */ = {isa = PBXBuildFile; fileRef = FA3F0F56249901690011E09E /* Extentions.swift */; };
		FA5E889C2497E61B00B26F4C /* AppDelegate.swift in Sources */ = {isa = PBXBuildFile; fileRef = FA5E889B2497E61B00B26F4C /* AppDelegate.swift */; };
		FA5E889E2497E61B00B26F4C /* SceneDelegate.swift in Sources */ = {isa = PBXBuildFile; fileRef = FA5E889D2497E61B00B26F4C /* SceneDelegate.swift */; };
		FA5E88A02497E61B00B26F4C /* AnimationViewController.swift in Sources */ = {isa = PBXBuildFile; fileRef = FA5E889F2497E61B00B26F4C /* AnimationViewController.swift */; };
		FA5E88A32497E61B00B26F4C /* Main.storyboard in Resources */ = {isa = PBXBuildFile; fileRef = FA5E88A12497E61B00B26F4C /* Main.storyboard */; };
		FA5E88A52497E62300B26F4C /* Assets.xcassets in Resources */ = {isa = PBXBuildFile; fileRef = FA5E88A42497E62300B26F4C /* Assets.xcassets */; };
		FA5E88A82497E62300B26F4C /* LaunchScreen.storyboard in Resources */ = {isa = PBXBuildFile; fileRef = FA5E88A62497E62300B26F4C /* LaunchScreen.storyboard */; };
/* End PBXBuildFile section */

/* Begin PBXFileReference section */
		04831101129394A69D028DB6 /* Pods-animationApp.debug.xcconfig */ = {isa = PBXFileReference; includeInIndex = 1; lastKnownFileType = text.xcconfig; name = "Pods-animationApp.debug.xcconfig"; path = "Target Support Files/Pods-animationApp/Pods-animationApp.debug.xcconfig"; sourceTree = "<group>"; };
		0A497C488A9C2AE3285147A2 /* Pods_animationApp.framework */ = {isa = PBXFileReference; explicitFileType = wrapper.framework; includeInIndex = 0; path = Pods_animationApp.framework; sourceTree = BUILT_PRODUCTS_DIR; };
		DB428FE8A15798CB178A9D35 /* Pods-animationApp.release.xcconfig */ = {isa = PBXFileReference; includeInIndex = 1; lastKnownFileType = text.xcconfig; name = "Pods-animationApp.release.xcconfig"; path = "Target Support Files/Pods-animationApp/Pods-animationApp.release.xcconfig"; sourceTree = "<group>"; };
		FA1BD9AD2498B2A600D10196 /* AnimationModel.swift */ = {isa = PBXFileReference; lastKnownFileType = sourcecode.swift; path = AnimationModel.swift; sourceTree = "<group>"; };
		FA3F0F56249901690011E09E /* Extentions.swift */ = {isa = PBXFileReference; lastKnownFileType = sourcecode.swift; path = Extentions.swift; sourceTree = "<group>"; };
		FA5E88982497E61B00B26F4C /* animationApp.app */ = {isa = PBXFileReference; explicitFileType = wrapper.application; includeInIndex = 0; path = animationApp.app; sourceTree = BUILT_PRODUCTS_DIR; };
		FA5E889B2497E61B00B26F4C /* AppDelegate.swift */ = {isa = PBXFileReference; lastKnownFileType = sourcecode.swift; path = AppDelegate.swift; sourceTree = "<group>"; };
		FA5E889D2497E61B00B26F4C /* SceneDelegate.swift */ = {isa = PBXFileReference; lastKnownFileType = sourcecode.swift; path = SceneDelegate.swift; sourceTree = "<group>"; };
		FA5E889F2497E61B00B26F4C /* AnimationViewController.swift */ = {isa = PBXFileReference; lastKnownFileType = sourcecode.swift; path = AnimationViewController.swift; sourceTree = "<group>"; };
		FA5E88A22497E61B00B26F4C /* Base */ = {isa = PBXFileReference; lastKnownFileType = file.storyboard; name = Base; path = Base.lproj/Main.storyboard; sourceTree = "<group>"; };
		FA5E88A42497E62300B26F4C /* Assets.xcassets */ = {isa = PBXFileReference; lastKnownFileType = folder.assetcatalog; path = Assets.xcassets; sourceTree = "<group>"; };
		FA5E88A72497E62300B26F4C /* Base */ = {isa = PBXFileReference; lastKnownFileType = file.storyboard; name = Base; path = Base.lproj/LaunchScreen.storyboard; sourceTree = "<group>"; };
		FA5E88A92497E62300B26F4C /* Info.plist */ = {isa = PBXFileReference; lastKnownFileType = text.plist.xml; path = Info.plist; sourceTree = "<group>"; };
/* End PBXFileReference section */

/* Begin PBXFrameworksBuildPhase section */
		FA5E88952497E61B00B26F4C /* Frameworks */ = {
			isa = PBXFrameworksBuildPhase;
			buildActionMask = 2147483647;
			files = (
				CBEC76FE1051CDC8177294A1 /* Pods_animationApp.framework in Frameworks */,
			);
			runOnlyForDeploymentPostprocessing = 0;
		};
/* End PBXFrameworksBuildPhase section */

/* Begin PBXGroup section */
		207EDE25686C56BA801B302D /* Pods */ = {
			isa = PBXGroup;
			children = (
				04831101129394A69D028DB6 /* Pods-animationApp.debug.xcconfig */,
				DB428FE8A15798CB178A9D35 /* Pods-animationApp.release.xcconfig */,
			);
			path = Pods;
			sourceTree = "<group>";
		};
		4D6E578030C7323883F9BC11 /* Frameworks */ = {
			isa = PBXGroup;
			children = (
				0A497C488A9C2AE3285147A2 /* Pods_animationApp.framework */,
			);
			name = Frameworks;
			sourceTree = "<group>";
		};
		FA5E888F2497E61B00B26F4C = {
			isa = PBXGroup;
			children = (
				FA5E889A2497E61B00B26F4C /* animationApp */,
				FA5E88992497E61B00B26F4C /* Products */,
				207EDE25686C56BA801B302D /* Pods */,
				4D6E578030C7323883F9BC11 /* Frameworks */,
			);
			sourceTree = "<group>";
		};
		FA5E88992497E61B00B26F4C /* Products */ = {
			isa = PBXGroup;
			children = (
				FA5E88982497E61B00B26F4C /* animationApp.app */,
			);
			name = Products;
			sourceTree = "<group>";
		};
		FA5E889A2497E61B00B26F4C /* animationApp */ = {
			isa = PBXGroup;
			children = (
				FA5E889B2497E61B00B26F4C /* AppDelegate.swift */,
				FA5E889D2497E61B00B26F4C /* SceneDelegate.swift */,
				FA5E889F2497E61B00B26F4C /* AnimationViewController.swift */,
				FA3F0F56249901690011E09E /* Extentions.swift */,
				FA1BD9AD2498B2A600D10196 /* AnimationModel.swift */,
				FA5E88A12497E61B00B26F4C /* Main.storyboard */,
				FA5E88A42497E62300B26F4C /* Assets.xcassets */,
				FA5E88A62497E62300B26F4C /* LaunchScreen.storyboard */,
				FA5E88A92497E62300B26F4C /* Info.plist */,
			);
			path = animationApp;
			sourceTree = "<group>";
		};
/* End PBXGroup section */

/* Begin PBXNativeTarget section */
		FA5E88972497E61B00B26F4C /* animationApp */ = {
			isa = PBXNativeTarget;
			buildConfigurationList = FA5E88AC2497E62300B26F4C /* Build configuration list for PBXNativeTarget "animationApp" */;
			buildPhases = (
				640F45549DA7D3639268D963 /* [CP] Check Pods Manifest.lock */,
				FA5E88942497E61B00B26F4C /* Sources */,
				FA5E88952497E61B00B26F4C /* Frameworks */,
				FA5E88962497E61B00B26F4C /* Resources */,
				D5C5E5F815749FC6C61E68F6 /* [CP] Embed Pods Frameworks */,
			);
			buildRules = (
			);
			dependencies = (
			);
			name = animationApp;
			productName = animationApp;
			productReference = FA5E88982497E61B00B26F4C /* animationApp.app */;
			productType = "com.apple.product-type.application";
		};
/* End PBXNativeTarget section */

/* Begin PBXProject section */
		FA5E88902497E61B00B26F4C /* Project object */ = {
			isa = PBXProject;
			attributes = {
				LastSwiftUpdateCheck = 1140;
				LastUpgradeCheck = 1140;
				ORGANIZATIONNAME = "Александр Умаров";
				TargetAttributes = {
					FA5E88972497E61B00B26F4C = {
						CreatedOnToolsVersion = 11.4.1;
					};
				};
			};
			buildConfigurationList = FA5E88932497E61B00B26F4C /* Build configuration list for PBXProject "animationApp" */;
			compatibilityVersion = "Xcode 9.3";
			developmentRegion = en;
			hasScannedForEncodings = 0;
			knownRegions = (
				en,
				Base,
			);
			mainGroup = FA5E888F2497E61B00B26F4C;
			productRefGroup = FA5E88992497E61B00B26F4C /* Products */;
			projectDirPath = "";
			projectRoot = "";
			targets = (
				FA5E88972497E61B00B26F4C /* animationApp */,
			);
		};
/* End PBXProject section */

/* Begin PBXResourcesBuildPhase section */
		FA5E88962497E61B00B26F4C /* Resources */ = {
			isa = PBXResourcesBuildPhase;
			buildActionMask = 2147483647;
			files = (
				FA5E88A82497E62300B26F4C /* LaunchScreen.storyboard in Resources */,
				FA5E88A52497E62300B26F4C /* Assets.xcassets in Resources */,
				FA5E88A32497E61B00B26F4C /* Main.storyboard in Resources */,
			);
			runOnlyForDeploymentPostprocessing = 0;
		};
/* End PBXResourcesBuildPhase section */

/* Begin PBXShellScriptBuildPhase section */
		640F45549DA7D3639268D963 /* [CP] Check Pods Manifest.lock */ = {
			isa = PBXShellScriptBuildPhase;
			buildActionMask = 2147483647;
			files = (
			);
			inputFileListPaths = (
			);
			inputPaths = (
				"${PODS_PODFILE_DIR_PATH}/Podfile.lock",
				"${PODS_ROOT}/Manifest.lock",
			);
			name = "[CP] Check Pods Manifest.lock";
			outputFileListPaths = (
			);
			outputPaths = (
				"$(DERIVED_FILE_DIR)/Pods-animationApp-checkManifestLockResult.txt",
			);
			runOnlyForDeploymentPostprocessing = 0;
			shellPath = /bin/sh;
			shellScript = "diff \"${PODS_PODFILE_DIR_PATH}/Podfile.lock\" \"${PODS_ROOT}/Manifest.lock\" > /dev/null\nif [ $? != 0 ] ; then\n    # print error to STDERR\n    echo \"error: The sandbox is not in sync with the Podfile.lock. Run 'pod install' or update your CocoaPods installation.\" >&2\n    exit 1\nfi\n# This output is used by Xcode 'outputs' to avoid re-running this script phase.\necho \"SUCCESS\" > \"${SCRIPT_OUTPUT_FILE_0}\"\n";
			showEnvVarsInLog = 0;
		};
		D5C5E5F815749FC6C61E68F6 /* [CP] Embed Pods Frameworks */ = {
			isa = PBXShellScriptBuildPhase;
			buildActionMask = 2147483647;
			files = (
			);
			inputFileListPaths = (
				"${PODS_ROOT}/Target Support Files/Pods-animationApp/Pods-animationApp-frameworks-${CONFIGURATION}-input-files.xcfilelist",
			);
			name = "[CP] Embed Pods Frameworks";
			outputFileListPaths = (
				"${PODS_ROOT}/Target Support Files/Pods-animationApp/Pods-animationApp-frameworks-${CONFIGURATION}-output-files.xcfilelist",
			);
			runOnlyForDeploymentPostprocessing = 0;
			shellPath = /bin/sh;
			shellScript = "\"${PODS_ROOT}/Target Support Files/Pods-animationApp/Pods-animationApp-frameworks.sh\"\n";
			showEnvVarsInLog = 0;
		};
/* End PBXShellScriptBuildPhase section */

/* Begin PBXSourcesBuildPhase section */
		FA5E88942497E61B00B26F4C /* Sources */ = {
			isa = PBXSourcesBuildPhase;
			buildActionMask = 2147483647;
			files = (
				FA1BD9AE2498B2A600D10196 /* AnimationModel.swift in Sources */,
				FA5E88A02497E61B00B26F4C /* AnimationViewController.swift in Sources */,
				FA3F0F57249901690011E09E /* Extentions.swift in Sources */,
				FA5E889C2497E61B00B26F4C /* AppDelegate.swift in Sources */,
				FA5E889E2497E61B00B26F4C /* SceneDelegate.swift in Sources */,
			);
			runOnlyForDeploymentPostprocessing = 0;
		};
/* End PBXSourcesBuildPhase section */

/* Begin PBXVariantGroup section */
		FA5E88A12497E61B00B26F4C /* Main.storyboard */ = {
			isa = PBXVariantGroup;
			children = (
				FA5E88A22497E61B00B26F4C /* Base */,
			);
			name = Main.storyboard;
			sourceTree = "<group>";
		};
		FA5E88A62497E62300B26F4C /* LaunchScreen.storyboard */ = {
			isa = PBXVariantGroup;
			children = (
				FA5E88A72497E62300B26F4C /* Base */,
			);
			name = LaunchScreen.storyboard;
			sourceTree = "<group>";
		};
/* End PBXVariantGroup section */

/* Begin XCBuildConfiguration section */
		FA5E88AA2497E62300B26F4C /* Debug */ = {
			isa = XCBuildConfiguration;
			buildSettings = {
				ALWAYS_SEARCH_USER_PATHS = NO;
				CLANG_ANALYZER_NONNULL = YES;
				CLANG_ANALYZER_NUMBER_OBJECT_CONVERSION = YES_AGGRESSIVE;
				CLANG_CXX_LANGUAGE_STANDARD = "gnu++14";
				CLANG_CXX_LIBRARY = "libc++";
				CLANG_ENABLE_MODULES = YES;
				CLANG_ENABLE_OBJC_ARC = YES;
				CLANG_ENABLE_OBJC_WEAK = YES;
				CLANG_WARN_BLOCK_CAPTURE_AUTORELEASING = YES;
				CLANG_WARN_BOOL_CONVERSION = YES;
				CLANG_WARN_COMMA = YES;
				CLANG_WARN_CONSTANT_CONVERSION = YES;
				CLANG_WARN_DEPRECATED_OBJC_IMPLEMENTATIONS = YES;
				CLANG_WARN_DIRECT_OBJC_ISA_USAGE = YES_ERROR;
				CLANG_WARN_DOCUMENTATION_COMMENTS = YES;
				CLANG_WARN_EMPTY_BODY = YES;
				CLANG_WARN_ENUM_CONVERSION = YES;
				CLANG_WARN_INFINITE_RECURSION = YES;
				CLANG_WARN_INT_CONVERSION = YES;
				CLANG_WARN_NON_LITERAL_NULL_CONVERSION = YES;
				CLANG_WARN_OBJC_IMPLICIT_RETAIN_SELF = YES;
				CLANG_WARN_OBJC_LITERAL_CONVERSION = YES;
				CLANG_WARN_OBJC_ROOT_CLASS = YES_ERROR;
				CLANG_WARN_RANGE_LOOP_ANALYSIS = YES;
				CLANG_WARN_STRICT_PROTOTYPES = YES;
				CLANG_WARN_SUSPICIOUS_MOVE = YES;
				CLANG_WARN_UNGUARDED_AVAILABILITY = YES_AGGRESSIVE;
				CLANG_WARN_UNREACHABLE_CODE = YES;
				CLANG_WARN__DUPLICATE_METHOD_MATCH = YES;
				COPY_PHASE_STRIP = NO;
				DEBUG_INFORMATION_FORMAT = dwarf;
				ENABLE_STRICT_OBJC_MSGSEND = YES;
				ENABLE_TESTABILITY = YES;
				GCC_C_LANGUAGE_STANDARD = gnu11;
				GCC_DYNAMIC_NO_PIC = NO;
				GCC_NO_COMMON_BLOCKS = YES;
				GCC_OPTIMIZATION_LEVEL = 0;
				GCC_PREPROCESSOR_DEFINITIONS = (
					"DEBUG=1",
					"$(inherited)",
				);
				GCC_WARN_64_TO_32_BIT_CONVERSION = YES;
				GCC_WARN_ABOUT_RETURN_TYPE = YES_ERROR;
				GCC_WARN_UNDECLARED_SELECTOR = YES;
				GCC_WARN_UNINITIALIZED_AUTOS = YES_AGGRESSIVE;
				GCC_WARN_UNUSED_FUNCTION = YES;
				GCC_WARN_UNUSED_VARIABLE = YES;
				IPHONEOS_DEPLOYMENT_TARGET = 13.4;
				MTL_ENABLE_DEBUG_INFO = INCLUDE_SOURCE;
				MTL_FAST_MATH = YES;
				ONLY_ACTIVE_ARCH = YES;
				SDKROOT = iphoneos;
				SWIFT_ACTIVE_COMPILATION_CONDITIONS = DEBUG;
				SWIFT_OPTIMIZATION_LEVEL = "-Onone";
			};
			name = Debug;
		};
		FA5E88AB2497E62300B26F4C /* Release */ = {
			isa = XCBuildConfiguration;
			buildSettings = {
				ALWAYS_SEARCH_USER_PATHS = NO;
				CLANG_ANALYZER_NONNULL = YES;
				CLANG_ANALYZER_NUMBER_OBJECT_CONVERSION = YES_AGGRESSIVE;
				CLANG_CXX_LANGUAGE_STANDARD = "gnu++14";
				CLANG_CXX_LIBRARY = "libc++";
				CLANG_ENABLE_MODULES = YES;
				CLANG_ENABLE_OBJC_ARC = YES;
				CLANG_ENABLE_OBJC_WEAK = YES;
				CLANG_WARN_BLOCK_CAPTURE_AUTORELEASING = YES;
				CLANG_WARN_BOOL_CONVERSION = YES;
				CLANG_WARN_COMMA = YES;
				CLANG_WARN_CONSTANT_CONVERSION = YES;
				CLANG_WARN_DEPRECATED_OBJC_IMPLEMENTATIONS = YES;
				CLANG_WARN_DIRECT_OBJC_ISA_USAGE = YES_ERROR;
				CLANG_WARN_DOCUMENTATION_COMMENTS = YES;
				CLANG_WARN_EMPTY_BODY = YES;
				CLANG_WARN_ENUM_CONVERSION = YES;
				CLANG_WARN_INFINITE_RECURSION = YES;
				CLANG_WARN_INT_CONVERSION = YES;
				CLANG_WARN_NON_LITERAL_NULL_CONVERSION = YES;
				CLANG_WARN_OBJC_IMPLICIT_RETAIN_SELF = YES;
				CLANG_WARN_OBJC_LITERAL_CONVERSION = YES;
				CLANG_WARN_OBJC_ROOT_CLASS = YES_ERROR;
				CLANG_WARN_RANGE_LOOP_ANALYSIS = YES;
				CLANG_WARN_STRICT_PROTOTYPES = YES;
				CLANG_WARN_SUSPICIOUS_MOVE = YES;
				CLANG_WARN_UNGUARDED_AVAILABILITY = YES_AGGRESSIVE;
				CLANG_WARN_UNREACHABLE_CODE = YES;
				CLANG_WARN__DUPLICATE_METHOD_MATCH = YES;
				COPY_PHASE_STRIP = NO;
				DEBUG_INFORMATION_FORMAT = "dwarf-with-dsym";
				ENABLE_NS_ASSERTIONS = NO;
				ENABLE_STRICT_OBJC_MSGSEND = YES;
				GCC_C_LANGUAGE_STANDARD = gnu11;
				GCC_NO_COMMON_BLOCKS = YES;
				GCC_WARN_64_TO_32_BIT_CONVERSION = YES;
				GCC_WARN_ABOUT_RETURN_TYPE = YES_ERROR;
				GCC_WARN_UNDECLARED_SELECTOR = YES;
				GCC_WARN_UNINITIALIZED_AUTOS = YES_AGGRESSIVE;
				GCC_WARN_UNUSED_FUNCTION = YES;
				GCC_WARN_UNUSED_VARIABLE = YES;
				IPHONEOS_DEPLOYMENT_TARGET = 13.4;
				MTL_ENABLE_DEBUG_INFO = NO;
				MTL_FAST_MATH = YES;
				SDKROOT = iphoneos;
				SWIFT_COMPILATION_MODE = wholemodule;
				SWIFT_OPTIMIZATION_LEVEL = "-O";
				VALIDATE_PRODUCT = YES;
			};
			name = Release;
		};
		FA5E88AD2497E62300B26F4C /* Debug */ = {
			isa = XCBuildConfiguration;
			baseConfigurationReference = 04831101129394A69D028DB6 /* Pods-animationApp.debug.xcconfig */;
			buildSettings = {
				ASSETCATALOG_COMPILER_APPICON_NAME = AppIcon;
				CODE_SIGN_STYLE = Automatic;
				DEVELOPMENT_TEAM = B5VM7C6TM4;
				INFOPLIST_FILE = animationApp/Info.plist;
				IPHONEOS_DEPLOYMENT_TARGET = 13.4;
				LD_RUNPATH_SEARCH_PATHS = (
					"$(inherited)",
					"@executable_path/Frameworks",
				);
				PRODUCT_BUNDLE_IDENTIFIER = com.jetlaunch.animationApp;
				PRODUCT_NAME = "$(TARGET_NAME)";
				SWIFT_VERSION = 5.0;
				TARGETED_DEVICE_FAMILY = "1,2";
			};
			name = Debug;
		};
		FA5E88AE2497E62300B26F4C /* Release */ = {
			isa = XCBuildConfiguration;
			baseConfigurationReference = DB428FE8A15798CB178A9D35 /* Pods-animationApp.release.xcconfig */;
			buildSettings = {
				ASSETCATALOG_COMPILER_APPICON_NAME = AppIcon;
				CODE_SIGN_STYLE = Automatic;
				DEVELOPMENT_TEAM = B5VM7C6TM4;
				INFOPLIST_FILE = animationApp/Info.plist;
				IPHONEOS_DEPLOYMENT_TARGET = 13.4;
				LD_RUNPATH_SEARCH_PATHS = (
					"$(inherited)",
					"@executable_path/Frameworks",
				);
				PRODUCT_BUNDLE_IDENTIFIER = com.jetlaunch.animationApp;
				PRODUCT_NAME = "$(TARGET_NAME)";
				SWIFT_VERSION = 5.0;
				TARGETED_DEVICE_FAMILY = "1,2";
			};
			name = Release;
		};
/* End XCBuildConfiguration section */

/* Begin XCConfigurationList section */
		FA5E88932497E61B00B26F4C /* Build configuration list for PBXProject "animationApp" */ = {
			isa = XCConfigurationList;
			buildConfigurations = (
				FA5E88AA2497E62300B26F4C /* Debug */,
				FA5E88AB2497E62300B26F4C /* Release */,
			);
			defaultConfigurationIsVisible = 0;
			defaultConfigurationName = Release;
		};
		FA5E88AC2497E62300B26F4C /* Build configuration list for PBXNativeTarget "animationApp" */ = {
			isa = XCConfigurationList;
			buildConfigurations = (
				FA5E88AD2497E62300B26F4C /* Debug */,
				FA5E88AE2497E62300B26F4C /* Release */,
			);
			defaultConfigurationIsVisible = 0;
			defaultConfigurationName = Release;
		};
/* End XCConfigurationList section */
	};
	rootObject = FA5E88902497E61B00B26F4C /* Project object */;
}
